
Microsoft Visual Studio Solution File, Format Version 12.00
# Visual Studio Version 16
VisualStudioVersion = 25.0.1704.5
MinimumVisualStudioVersion = 10.0.40219.1
Project("{FAE04EC0-301F-11D3-BF4B-00C04F79EFBC}") = "WebApi", "WebApi\WebApi.csproj", "{E7BEC9F8-E9DB-4CBC-918F-2ECC5360DF38}"
EndProject
Project("{FAE04EC0-301F-11D3-BF4B-00C04F79EFBC}") = "Domain", "Domain\Domain.csproj", "{7356E450-DF19-4F00-B21C-A4F83D7C4FF2}"
EndProject
Project("{FAE04EC0-301F-11D3-BF4B-00C04F79EFBC}") = "Application", "Application\Application.csproj", "{B96CB3B9-DE94-42B4-806B-3A54DA6E9D7F}"
EndProject
Project("{FAE04EC0-301F-11D3-BF4B-00C04F79EFBC}") = "Presentation", "Presentation\Presentation.csproj", "{ABAB0835-1D44-4AD6-BF4C-4FCADE5333AA}"
EndProject
Project("{2150E333-8FDC-42A3-9474-1A3956D46DE8}") = "src", "src", "{4C820D28-A9DC-41E2-AE2B-08D5696D0144}"
EndProject
Project("{2150E333-8FDC-42A3-9474-1A3956D46DE8}") = "SolutionItems", "SolutionItems", "{4EF69435-FEF6-45E9-BFC7-7E41605671D1}"
	ProjectSection(SolutionItems) = preProject
		.editorconfig = .editorconfig
		Directory.Build.props = Directory.Build.props
	EndProjectSection
EndProject
Project("{FAE04EC0-301F-11D3-BF4B-00C04F79EFBC}") = "Infrastructure", "Infrastructure\Infrastructure.csproj", "{FD012A96-B207-4E76-B190-E99A852CA36A}"
EndProject
Global
	GlobalSection(SolutionConfigurationPlatforms) = preSolution
		Debug|Any CPU = Debug|Any CPU
		Release|Any CPU = Release|Any CPU
	EndGlobalSection
	GlobalSection(ProjectConfigurationPlatforms) = postSolution
		{E7BEC9F8-E9DB-4CBC-918F-2ECC5360DF38}.Debug|Any CPU.ActiveCfg = Debug|Any CPU
		{E7BEC9F8-E9DB-4CBC-918F-2ECC5360DF38}.Debug|Any CPU.Build.0 = Debug|Any CPU
		{E7BEC9F8-E9DB-4CBC-918F-2ECC5360DF38}.Release|Any CPU.ActiveCfg = Release|Any CPU
		{E7BEC9F8-E9DB-4CBC-918F-2ECC5360DF38}.Release|Any CPU.Build.0 = Release|Any CPU
		{7356E450-DF19-4F00-B21C-A4F83D7C4FF2}.Debug|Any CPU.ActiveCfg = Debug|Any CPU
		{7356E450-DF19-4F00-B21C-A4F83D7C4FF2}.Debug|Any CPU.Build.0 = Debug|Any CPU
		{7356E450-DF19-4F00-B21C-A4F83D7C4FF2}.Release|Any CPU.ActiveCfg = Release|Any CPU
		{7356E450-DF19-4F00-B21C-A4F83D7C4FF2}.Release|Any CPU.Build.0 = Release|Any CPU
		{B96CB3B9-DE94-42B4-806B-3A54DA6E9D7F}.Debug|Any CPU.ActiveCfg = Debug|Any CPU
		{B96CB3B9-DE94-42B4-806B-3A54DA6E9D7F}.Debug|Any CPU.Build.0 = Debug|Any CPU
		{B96CB3B9-DE94-42B4-806B-3A54DA6E9D7F}.Release|Any CPU.ActiveCfg = Release|Any CPU
		{B96CB3B9-DE94-42B4-806B-3A54DA6E9D7F}.Release|Any CPU.Build.0 = Release|Any CPU
		{ABAB0835-1D44-4AD6-BF4C-4FCADE5333AA}.Debug|Any CPU.ActiveCfg = Debug|Any CPU
		{ABAB0835-1D44-4AD6-BF4C-4FCADE5333AA}.Debug|Any CPU.Build.0 = Debug|Any CPU
		{ABAB0835-1D44-4AD6-BF4C-4FCADE5333AA}.Release|Any CPU.ActiveCfg = Release|Any CPU
		{ABAB0835-1D44-4AD6-BF4C-4FCADE5333AA}.Release|Any CPU.Build.0 = Release|Any CPU
		{FD012A96-B207-4E76-B190-E99A852CA36A}.Debug|Any CPU.ActiveCfg = Debug|Any CPU
		{FD012A96-B207-4E76-B190-E99A852CA36A}.Debug|Any CPU.Build.0 = Debug|Any CPU
		{FD012A96-B207-4E76-B190-E99A852CA36A}.Release|Any CPU.ActiveCfg = Release|Any CPU
		{FD012A96-B207-4E76-B190-E99A852CA36A}.Release|Any CPU.Build.0 = Release|Any CPU
	EndGlobalSection
	GlobalSection(SolutionProperties) = preSolution
		HideSolutionNode = FALSE
	EndGlobalSection
	GlobalSection(ExtensibilityGlobals) = postSolution
		SolutionGuid = {EB96E952-8DA9-4B8B-A205-E6483A23AB5A}
	EndGlobalSection
	GlobalSection(NestedProjects) = preSolution
		{B96CB3B9-DE94-42B4-806B-3A54DA6E9D7F} = {4C820D28-A9DC-41E2-AE2B-08D5696D0144}
		{7356E450-DF19-4F00-B21C-A4F83D7C4FF2} = {4C820D28-A9DC-41E2-AE2B-08D5696D0144}
		{ABAB0835-1D44-4AD6-BF4C-4FCADE5333AA} = {4C820D28-A9DC-41E2-AE2B-08D5696D0144}
		{E7BEC9F8-E9DB-4CBC-918F-2ECC5360DF38} = {4C820D28-A9DC-41E2-AE2B-08D5696D0144}
		{FD012A96-B207-4E76-B190-E99A852CA36A} = {4C820D28-A9DC-41E2-AE2B-08D5696D0144}
	EndGlobalSection
EndGlobal
